
Microsoft Visual Studio Solution File, Format Version 12.00
Project("{FAE04EC0-301F-11D3-BF4B-00C04F79EFBC}") = "SqlBulkCopier", "SqlBulkCopier\SqlBulkCopier.csproj", "{C1E8B143-D258-4650-B40D-FAA50C881958}"
EndProject
Project("{FAE04EC0-301F-11D3-BF4B-00C04F79EFBC}") = "FixedLengthHelper", "..\submodule\FixedLengthHelper\src\FixedLengthHelper\FixedLengthHelper.csproj", "{8B8D261D-2523-4830-B3F1-3386B1C4D8EC}"
EndProject
Project("{FAE04EC0-301F-11D3-BF4B-00C04F79EFBC}") = "FixedLengthHelper.Test", "..\submodule\FixedLengthHelper\src\FixedLengthHelper.Test\FixedLengthHelper.Test.csproj", "{B8796737-9AAE-4484-93A6-CB5B839B6D6A}"
EndProject
Global
	GlobalSection(SolutionConfigurationPlatforms) = preSolution
		Debug|Any CPU = Debug|Any CPU
		Release|Any CPU = Release|Any CPU
	EndGlobalSection
	GlobalSection(ProjectConfigurationPlatforms) = postSolution
		{C1E8B143-D258-4650-B40D-FAA50C881958}.Debug|Any CPU.ActiveCfg = Debug|Any CPU
		{C1E8B143-D258-4650-B40D-FAA50C881958}.Debug|Any CPU.Build.0 = Debug|Any CPU
		{C1E8B143-D258-4650-B40D-FAA50C881958}.Release|Any CPU.ActiveCfg = Release|Any CPU
		{C1E8B143-D258-4650-B40D-FAA50C881958}.Release|Any CPU.Build.0 = Release|Any CPU
		{8B8D261D-2523-4830-B3F1-3386B1C4D8EC}.Debug|Any CPU.ActiveCfg = Debug|Any CPU
		{8B8D261D-2523-4830-B3F1-3386B1C4D8EC}.Debug|Any CPU.Build.0 = Debug|Any CPU
		{8B8D261D-2523-4830-B3F1-3386B1C4D8EC}.Release|Any CPU.ActiveCfg = Release|Any CPU
		{8B8D261D-2523-4830-B3F1-3386B1C4D8EC}.Release|Any CPU.Build.0 = Release|Any CPU
		{B8796737-9AAE-4484-93A6-CB5B839B6D6A}.Debug|Any CPU.ActiveCfg = Debug|Any CPU
		{B8796737-9AAE-4484-93A6-CB5B839B6D6A}.Debug|Any CPU.Build.0 = Debug|Any CPU
		{B8796737-9AAE-4484-93A6-CB5B839B6D6A}.Release|Any CPU.ActiveCfg = Release|Any CPU
		{B8796737-9AAE-4484-93A6-CB5B839B6D6A}.Release|Any CPU.Build.0 = Release|Any CPU
	EndGlobalSection
EndGlobal
