
Microsoft Visual Studio Solution File, Format Version 12.00
# Visual Studio Version 17
VisualStudioVersion = 17.12.35410.144
MinimumVisualStudioVersion = 10.0.40219.1
Project("{FAE04EC0-301F-11D3-BF4B-00C04F79EFBC}") = "SqlBulkCopier", "SqlBulkCopier\SqlBulkCopier.csproj", "{C1E8B143-D258-4650-B40D-FAA50C881958}"
EndProject
Project("{FAE04EC0-301F-11D3-BF4B-00C04F79EFBC}") = "SqlBulkCopier.Test", "SqlBulkCopier.Test\SqlBulkCopier.Test.csproj", "{A2990C50-2A12-49FE-A9B5-155F3052C6AB}"
EndProject
Project("{FAE04EC0-301F-11D3-BF4B-00C04F79EFBC}") = "SqlBulkCopier.FixedLength", "SqlBulkCopier.FixedLength\SqlBulkCopier.FixedLength.csproj", "{0BBB5990-4F90-4B69-91B0-910BEA89A721}"
EndProject
Project("{FAE04EC0-301F-11D3-BF4B-00C04F79EFBC}") = "SqlBulkCopier.CsvHelper", "SqlBulkCopier.CsvHelper\SqlBulkCopier.CsvHelper.csproj", "{C6BEBD3F-3252-4078-B8CE-C2973C963FC1}"
EndProject
Project("{FAE04EC0-301F-11D3-BF4B-00C04F79EFBC}") = "SqlBulkCopier.CsvHelper.Hosting", "SqlBulkCopier.CsvHelper.Hosting\SqlBulkCopier.CsvHelper.Hosting.csproj", "{10BDE3E4-CB39-4E21-92CC-5A2CE84B72C9}"
EndProject
Project("{FAE04EC0-301F-11D3-BF4B-00C04F79EFBC}") = "SqlBulkCopier.FixedLength.Hosting", "SqlBulkCopier.FixedLength.Hosting\SqlBulkCopier.FixedLength.Hosting.csproj", "{24751506-C7D9-4135-BF0D-3B2141265F5D}"
EndProject
Project("{2150E333-8FDC-42A3-9474-1A3956D46DE8}") = "Sample", "Sample", "{514A3C1E-4F5C-44EB-9E51-9F58DD4A5CC3}"
EndProject
Project("{FAE04EC0-301F-11D3-BF4B-00C04F79EFBC}") = "Sample.SetupSampleDatabase", "Sample.SetupSampleDatabase\Sample.SetupSampleDatabase.csproj", "{BE703052-4BCE-449A-8AD3-8722E4547F6D}"
EndProject
Project("{FAE04EC0-301F-11D3-BF4B-00C04F79EFBC}") = "Benchmark", "Benchmark\Benchmark.csproj", "{17DCDEE7-8F00-460D-919C-1FF19AE94EE4}"
EndProject
Project("{FAE04EC0-301F-11D3-BF4B-00C04F79EFBC}") = "Sample.FixedLength.FromApi", "Sample.FixedLength.FromApi\Sample.FixedLength.FromApi.csproj", "{4CFBD239-3E01-4328-9B4C-4EEF05AE252D}"
EndProject
Project("{FAE04EC0-301F-11D3-BF4B-00C04F79EFBC}") = "Sample.CsvHelper.FromApi", "Sample.CsvHelper.FromApi\Sample.CsvHelper.FromApi.csproj", "{F5A3932F-9575-378E-7194-4EA7FEA9FD02}"
EndProject
Project("{FAE04EC0-301F-11D3-BF4B-00C04F79EFBC}") = "Sample.CsvHelper.FromAppSettings", "Sample.CsvHelper.FromAppSettings\Sample.CsvHelper.FromAppSettings.csproj", "{0B8CFE6E-BB95-EA3E-E626-4707E7B022BE}"
EndProject
Project("{FAE04EC0-301F-11D3-BF4B-00C04F79EFBC}") = "Sample.FixedLength.FromAppSettings", "Sample.FixedLength.FromAppSettings\Sample.FixedLength.FromAppSettings.csproj", "{91CF14D2-2775-73DD-EA68-4CFCCA280723}"
EndProject
Project("{FAE04EC0-301F-11D3-BF4B-00C04F79EFBC}") = "SqlBulkCopier.Hosting", "SqlBulkCopier.Hosting\SqlBulkCopier.Hosting.csproj", "{0288EA2D-DC49-4733-8333-CC4249180F3D}"
EndProject
Project("{FAE04EC0-301F-11D3-BF4B-00C04F79EFBC}") = "SqlBulkCopier.Csv", "SqlBulkCopier.Csv\SqlBulkCopier.Csv.csproj", "{5DEA5E97-05AE-4B4D-A9D3-4EE71CF4CFAF}"
EndProject
Project("{FAE04EC0-301F-11D3-BF4B-00C04F79EFBC}") = "SqlBulkCopier.Csv.Hosting", "SqlBulkCopier.Csv.Hosting\SqlBulkCopier.Csv.Hosting.csproj", "{29E8A8B3-5308-4C0F-86F3-1E296715E1CE}"
EndProject
Global
	GlobalSection(SolutionConfigurationPlatforms) = preSolution
		Debug|Any CPU = Debug|Any CPU
		Release|Any CPU = Release|Any CPU
	EndGlobalSection
	GlobalSection(ProjectConfigurationPlatforms) = postSolution
		{C1E8B143-D258-4650-B40D-FAA50C881958}.Debug|Any CPU.ActiveCfg = Debug|Any CPU
		{C1E8B143-D258-4650-B40D-FAA50C881958}.Debug|Any CPU.Build.0 = Debug|Any CPU
		{C1E8B143-D258-4650-B40D-FAA50C881958}.Release|Any CPU.ActiveCfg = Release|Any CPU
		{C1E8B143-D258-4650-B40D-FAA50C881958}.Release|Any CPU.Build.0 = Release|Any CPU
		{A2990C50-2A12-49FE-A9B5-155F3052C6AB}.Debug|Any CPU.ActiveCfg = Debug|Any CPU
		{A2990C50-2A12-49FE-A9B5-155F3052C6AB}.Debug|Any CPU.Build.0 = Debug|Any CPU
		{A2990C50-2A12-49FE-A9B5-155F3052C6AB}.Release|Any CPU.ActiveCfg = Release|Any CPU
		{A2990C50-2A12-49FE-A9B5-155F3052C6AB}.Release|Any CPU.Build.0 = Release|Any CPU
		{0BBB5990-4F90-4B69-91B0-910BEA89A721}.Debug|Any CPU.ActiveCfg = Debug|Any CPU
		{0BBB5990-4F90-4B69-91B0-910BEA89A721}.Debug|Any CPU.Build.0 = Debug|Any CPU
		{0BBB5990-4F90-4B69-91B0-910BEA89A721}.Release|Any CPU.ActiveCfg = Release|Any CPU
		{0BBB5990-4F90-4B69-91B0-910BEA89A721}.Release|Any CPU.Build.0 = Release|Any CPU
		{C6BEBD3F-3252-4078-B8CE-C2973C963FC1}.Debug|Any CPU.ActiveCfg = Debug|Any CPU
		{C6BEBD3F-3252-4078-B8CE-C2973C963FC1}.Debug|Any CPU.Build.0 = Debug|Any CPU
		{C6BEBD3F-3252-4078-B8CE-C2973C963FC1}.Release|Any CPU.ActiveCfg = Release|Any CPU
		{C6BEBD3F-3252-4078-B8CE-C2973C963FC1}.Release|Any CPU.Build.0 = Release|Any CPU
		{10BDE3E4-CB39-4E21-92CC-5A2CE84B72C9}.Debug|Any CPU.ActiveCfg = Debug|Any CPU
		{10BDE3E4-CB39-4E21-92CC-5A2CE84B72C9}.Debug|Any CPU.Build.0 = Debug|Any CPU
		{10BDE3E4-CB39-4E21-92CC-5A2CE84B72C9}.Release|Any CPU.ActiveCfg = Release|Any CPU
		{10BDE3E4-CB39-4E21-92CC-5A2CE84B72C9}.Release|Any CPU.Build.0 = Release|Any CPU
		{24751506-C7D9-4135-BF0D-3B2141265F5D}.Debug|Any CPU.ActiveCfg = Debug|Any CPU
		{24751506-C7D9-4135-BF0D-3B2141265F5D}.Debug|Any CPU.Build.0 = Debug|Any CPU
		{24751506-C7D9-4135-BF0D-3B2141265F5D}.Release|Any CPU.ActiveCfg = Release|Any CPU
		{24751506-C7D9-4135-BF0D-3B2141265F5D}.Release|Any CPU.Build.0 = Release|Any CPU
		{BE703052-4BCE-449A-8AD3-8722E4547F6D}.Debug|Any CPU.ActiveCfg = Debug|Any CPU
		{BE703052-4BCE-449A-8AD3-8722E4547F6D}.Debug|Any CPU.Build.0 = Debug|Any CPU
		{BE703052-4BCE-449A-8AD3-8722E4547F6D}.Release|Any CPU.ActiveCfg = Release|Any CPU
		{BE703052-4BCE-449A-8AD3-8722E4547F6D}.Release|Any CPU.Build.0 = Release|Any CPU
		{17DCDEE7-8F00-460D-919C-1FF19AE94EE4}.Debug|Any CPU.ActiveCfg = Debug|Any CPU
		{17DCDEE7-8F00-460D-919C-1FF19AE94EE4}.Debug|Any CPU.Build.0 = Debug|Any CPU
		{17DCDEE7-8F00-460D-919C-1FF19AE94EE4}.Release|Any CPU.ActiveCfg = Release|Any CPU
		{17DCDEE7-8F00-460D-919C-1FF19AE94EE4}.Release|Any CPU.Build.0 = Release|Any CPU
		{4CFBD239-3E01-4328-9B4C-4EEF05AE252D}.Debug|Any CPU.ActiveCfg = Debug|Any CPU
		{4CFBD239-3E01-4328-9B4C-4EEF05AE252D}.Debug|Any CPU.Build.0 = Debug|Any CPU
		{4CFBD239-3E01-4328-9B4C-4EEF05AE252D}.Release|Any CPU.ActiveCfg = Release|Any CPU
		{4CFBD239-3E01-4328-9B4C-4EEF05AE252D}.Release|Any CPU.Build.0 = Release|Any CPU
		{F5A3932F-9575-378E-7194-4EA7FEA9FD02}.Debug|Any CPU.ActiveCfg = Debug|Any CPU
		{F5A3932F-9575-378E-7194-4EA7FEA9FD02}.Debug|Any CPU.Build.0 = Debug|Any CPU
		{F5A3932F-9575-378E-7194-4EA7FEA9FD02}.Release|Any CPU.ActiveCfg = Release|Any CPU
		{F5A3932F-9575-378E-7194-4EA7FEA9FD02}.Release|Any CPU.Build.0 = Release|Any CPU
		{0B8CFE6E-BB95-EA3E-E626-4707E7B022BE}.Debug|Any CPU.ActiveCfg = Debug|Any CPU
		{0B8CFE6E-BB95-EA3E-E626-4707E7B022BE}.Debug|Any CPU.Build.0 = Debug|Any CPU
		{0B8CFE6E-BB95-EA3E-E626-4707E7B022BE}.Release|Any CPU.ActiveCfg = Release|Any CPU
		{0B8CFE6E-BB95-EA3E-E626-4707E7B022BE}.Release|Any CPU.Build.0 = Release|Any CPU
		{91CF14D2-2775-73DD-EA68-4CFCCA280723}.Debug|Any CPU.ActiveCfg = Debug|Any CPU
		{91CF14D2-2775-73DD-EA68-4CFCCA280723}.Debug|Any CPU.Build.0 = Debug|Any CPU
		{91CF14D2-2775-73DD-EA68-4CFCCA280723}.Release|Any CPU.ActiveCfg = Release|Any CPU
		{91CF14D2-2775-73DD-EA68-4CFCCA280723}.Release|Any CPU.Build.0 = Release|Any CPU
		{0288EA2D-DC49-4733-8333-CC4249180F3D}.Debug|Any CPU.ActiveCfg = Debug|Any CPU
		{0288EA2D-DC49-4733-8333-CC4249180F3D}.Debug|Any CPU.Build.0 = Debug|Any CPU
		{0288EA2D-DC49-4733-8333-CC4249180F3D}.Release|Any CPU.ActiveCfg = Release|Any CPU
		{0288EA2D-DC49-4733-8333-CC4249180F3D}.Release|Any CPU.Build.0 = Release|Any CPU
		{5DEA5E97-05AE-4B4D-A9D3-4EE71CF4CFAF}.Debug|Any CPU.ActiveCfg = Debug|Any CPU
		{5DEA5E97-05AE-4B4D-A9D3-4EE71CF4CFAF}.Debug|Any CPU.Build.0 = Debug|Any CPU
		{5DEA5E97-05AE-4B4D-A9D3-4EE71CF4CFAF}.Release|Any CPU.ActiveCfg = Release|Any CPU
		{5DEA5E97-05AE-4B4D-A9D3-4EE71CF4CFAF}.Release|Any CPU.Build.0 = Release|Any CPU
		{29E8A8B3-5308-4C0F-86F3-1E296715E1CE}.Debug|Any CPU.ActiveCfg = Debug|Any CPU
		{29E8A8B3-5308-4C0F-86F3-1E296715E1CE}.Debug|Any CPU.Build.0 = Debug|Any CPU
		{29E8A8B3-5308-4C0F-86F3-1E296715E1CE}.Release|Any CPU.ActiveCfg = Release|Any CPU
		{29E8A8B3-5308-4C0F-86F3-1E296715E1CE}.Release|Any CPU.Build.0 = Release|Any CPU
	EndGlobalSection
	GlobalSection(SolutionProperties) = preSolution
		HideSolutionNode = FALSE
	EndGlobalSection
	GlobalSection(NestedProjects) = preSolution
		{BE703052-4BCE-449A-8AD3-8722E4547F6D} = {514A3C1E-4F5C-44EB-9E51-9F58DD4A5CC3}
		{17DCDEE7-8F00-460D-919C-1FF19AE94EE4} = {514A3C1E-4F5C-44EB-9E51-9F58DD4A5CC3}
		{4CFBD239-3E01-4328-9B4C-4EEF05AE252D} = {514A3C1E-4F5C-44EB-9E51-9F58DD4A5CC3}
		{F5A3932F-9575-378E-7194-4EA7FEA9FD02} = {514A3C1E-4F5C-44EB-9E51-9F58DD4A5CC3}
		{0B8CFE6E-BB95-EA3E-E626-4707E7B022BE} = {514A3C1E-4F5C-44EB-9E51-9F58DD4A5CC3}
		{91CF14D2-2775-73DD-EA68-4CFCCA280723} = {514A3C1E-4F5C-44EB-9E51-9F58DD4A5CC3}
	EndGlobalSection
	GlobalSection(ExtensibilityGlobals) = postSolution
		SolutionGuid = {EF09E00D-B913-4C37-9CB3-9FE140D1D1B2}
	EndGlobalSection
EndGlobal
